Microsoft Visual Studio Solution File, Format Version 11.00
# Visual Studio 2008

Project("{53335DE2-A398-26BC-1CC6-78D5041AF702}") = "RussianSoM", "Assembly-CSharp-firstpass.csproj", "{797D9D8E-1379-4040-4F32-E62FEEAEB427}"
EndProject
Global
	GlobalSection(SolutionConfigurationPlatforms) = preSolution
		Debug|Any CPU = Debug|Any CPU
		Release|Any CPU = Release|Any CPU
	EndGlobalSection
	GlobalSection(ProjectConfigurationPlatforms) = postSolution
		{797D9D8E-1379-4040-4F32-E62FEEAEB427}.Debug|Any CPU.ActiveCfg = Debug|Any CPU
		{797D9D8E-1379-4040-4F32-E62FEEAEB427}.Debug|Any CPU.Build.0 = Debug|Any CPU
		{797D9D8E-1379-4040-4F32-E62FEEAEB427}.Release|Any CPU.ActiveCfg = Release|Any CPU
		{797D9D8E-1379-4040-4F32-E62FEEAEB427}.Release|Any CPU.Build.0 = Release|Any CPU
	EndGlobalSection
	GlobalSection(SolutionProperties) = preSolution
		HideSolutionNode = FALSE
	EndGlobalSection
							GlobalSection(MonoDevelopProperties) = preSolution
		StartupItem = Assembly-CSharp.csproj
	EndGlobalSection
EndGlobal
